// !$*UTF8*$!
{
	archiveVersion = 1;
	classes = {
	};
	objectVersion = 46;
	objects = {

/* Begin PBXBuildFile section */
		DA0523E518D144A0001FEA41 /* fur-wallpaper-8-1024x682.png in Resources */ = {isa = PBXBuildFile; fileRef = DA0523E418D144A0001FEA41 /* fur-wallpaper-8-1024x682.png */; };
		DA0523E818D1471C001FEA41 /* PTViewControllerHelper.m in Sources */ = {isa = PBXBuildFile; fileRef = DA0523E718D1471C001FEA41 /* PTViewControllerHelper.m */; };
		DA0523EA18D147E2001FEA41 /* view-large-brown-cat-fur-texture-free-high-resolution-dimensions_2162721.png in Resources */ = {isa = PBXBuildFile; fileRef = DA0523E918D147E2001FEA41 /* view-large-brown-cat-fur-texture-free-high-resolution-dimensions_2162721.png */; };
		DA0523EE18D3B641001FEA41 /* PTHistoryCDTVC.m in Sources */ = {isa = PBXBuildFile; fileRef = DA0523ED18D3B641001FEA41 /* PTHistoryCDTVC.m */; };
		DA0A352218D899420097FD24 /* PetTracker.xcdatamodeld in Sources */ = {isa = PBXBuildFile; fileRef = DA0A352018D899420097FD24 /* PetTracker.xcdatamodeld */; };
		DA0A352518E0D24E0097FD24 /* PetActivity.m in Sources */ = {isa = PBXBuildFile; fileRef = DA0A352418E0D24E0097FD24 /* PetActivity.m */; };
		DA0A352818E0DCDC0097FD24 /* PetActivity+Database.m in Sources */ = {isa = PBXBuildFile; fileRef = DA0A352718E0DCDC0097FD24 /* PetActivity+Database.m */; };
		DA0A352F18E0E62D0097FD24 /* CoreDataTableViewController.m in Sources */ = {isa = PBXBuildFile; fileRef = DA0A352E18E0E62D0097FD24 /* CoreDataTableViewController.m */; };
		DA8D168918CFFEAD008ACE5D /* Foundation.framework in Frameworks */ = {isa = PBXBuildFile; fileRef = DA8D168818CFFEAD008ACE5D /* Foundation.framework */; };
		DA8D168B18CFFEAD008ACE5D /* CoreGraphics.framework in Frameworks */ = {isa = PBXBuildFile; fileRef = DA8D168A18CFFEAD008ACE5D /* CoreGraphics.framework */; };
		DA8D168D18CFFEAD008ACE5D /* UIKit.framework in Frameworks */ = {isa = PBXBuildFile; fileRef = DA8D168C18CFFEAD008ACE5D /* UIKit.framework */; };
		DA8D169318CFFEAD008ACE5D /* InfoPlist.strings in Resources */ = {isa = PBXBuildFile; fileRef = DA8D169118CFFEAD008ACE5D /* InfoPlist.strings */; };
		DA8D169518CFFEAD008ACE5D /* main.m in Sources */ = {isa = PBXBuildFile; fileRef = DA8D169418CFFEAD008ACE5D /* main.m */; };
		DA8D169918CFFEAD008ACE5D /* PTAppDelegate.m in Sources */ = {isa = PBXBuildFile; fileRef = DA8D169818CFFEAD008ACE5D /* PTAppDelegate.m */; };
		DA8D169C18CFFEAD008ACE5D /* Main_iPhone.storyboard in Resources */ = {isa = PBXBuildFile; fileRef = DA8D169A18CFFEAD008ACE5D /* Main_iPhone.storyboard */; };
		DA8D16A218CFFEAD008ACE5D /* PTActivityViewController.m in Sources */ = {isa = PBXBuildFile; fileRef = DA8D16A118CFFEAD008ACE5D /* PTActivityViewController.m */; };
		DA8D16A718CFFEAD008ACE5D /* Images.xcassets in Resources */ = {isa = PBXBuildFile; fileRef = DA8D16A618CFFEAD008ACE5D /* Images.xcassets */; };
		DA8D16AE18CFFEAD008ACE5D /* XCTest.framework in Frameworks */ = {isa = PBXBuildFile; fileRef = DA8D16AD18CFFEAD008ACE5D /* XCTest.framework */; };
		DA8D16AF18CFFEAD008ACE5D /* Foundation.framework in Frameworks */ = {isa = PBXBuildFile; fileRef = DA8D168818CFFEAD008ACE5D /* Foundation.framework */; };
		DA8D16B018CFFEAD008ACE5D /* UIKit.framework in Frameworks */ = {isa = PBXBuildFile; fileRef = DA8D168C18CFFEAD008ACE5D /* UIKit.framework */; };
		DA8D16B818CFFEAD008ACE5D /* InfoPlist.strings in Resources */ = {isa = PBXBuildFile; fileRef = DA8D16B618CFFEAD008ACE5D /* InfoPlist.strings */; };
		DA8D16BA18CFFEAD008ACE5D /* PetTrackerTests.m in Sources */ = {isa = PBXBuildFile; fileRef = DA8D16B918CFFEAD008ACE5D /* PetTrackerTests.m */; };
		DA8D16C818D0C4AB008ACE5D /* iphone_icon.png in Resources */ = {isa = PBXBuildFile; fileRef = DA8D16C718D0C4AB008ACE5D /* iphone_icon.png */; };
		DAF7F22F18E1CB69009FFADF /* CoreData.framework in Frameworks */ = {isa = PBXBuildFile; fileRef = DAF7F22E18E1CB69009FFADF /* CoreData.framework */; };
/* End PBXBuildFile section */

/* Begin PBXContainerItemProxy section */
		DA8D16B118CFFEAD008ACE5D /* PBXContainerItemProxy */ = {
			isa = PBXContainerItemProxy;
			containerPortal = DA8D167D18CFFEAD008ACE5D /* Project object */;
			proxyType = 1;
			remoteGlobalIDString = DA8D168418CFFEAD008ACE5D;
			remoteInfo = PetTracker;
		};
/* End PBXContainerItemProxy section */

/* Begin PBXFileReference section */
		DA0523E418D144A0001FEA41 /* fur-wallpaper-8-1024x682.png */ = {isa = PBXFileReference; lastKnownFileType = image.png; path = "fur-wallpaper-8-1024x682.png"; sourceTree = "<group>"; };
		DA0523E618D1471C001FEA41 /* PTViewControllerHelper.h */ = {isa = PBXFileReference; fileEncoding = 4; lastKnownFileType = sourcecode.c.h; path = PTViewControllerHelper.h; sourceTree = "<group>"; };
		DA0523E718D1471C001FEA41 /* PTViewControllerHelper.m */ = {isa = PBXFileReference; fileEncoding = 4; lastKnownFileType = sourcecode.c.objc; path = PTViewControllerHelper.m; sourceTree = "<group>"; };
		DA0523E918D147E2001FEA41 /* view-large-brown-cat-fur-texture-free-high-resolution-dimensions_2162721.png */ = {isa = PBXFileReference; lastKnownFileType = image.png; path = "view-large-brown-cat-fur-texture-free-high-resolution-dimensions_2162721.png"; sourceTree = "<group>"; };
		DA0523EC18D3B641001FEA41 /* PTHistoryCDTVC.h */ = {isa = PBXFileReference; fileEncoding = 4; lastKnownFileType = sourcecode.c.h; path = PTHistoryCDTVC.h; sourceTree = "<group>"; };
		DA0523ED18D3B641001FEA41 /* PTHistoryCDTVC.m */ = {isa = PBXFileReference; fileEncoding = 4; lastKnownFileType = sourcecode.c.objc; path = PTHistoryCDTVC.m; sourceTree = "<group>"; };
		DA0A352118D899420097FD24 /* PetTracker.xcdatamodel */ = {isa = PBXFileReference; lastKnownFileType = wrapper.xcdatamodel; path = PetTracker.xcdatamodel; sourceTree = "<group>"; };
		DA0A352318E0D24E0097FD24 /* PetActivity.h */ = {isa = PBXFileReference; fileEncoding = 4; lastKnownFileType = sourcecode.c.h; path = PetActivity.h; sourceTree = "<group>"; };
		DA0A352418E0D24E0097FD24 /* PetActivity.m */ = {isa = PBXFileReference; fileEncoding = 4; lastKnownFileType = sourcecode.c.objc; path = PetActivity.m; sourceTree = "<group>"; };
		DA0A352618E0DCDC0097FD24 /* PetActivity+Database.h */ = {isa = PBXFileReference; fileEncoding = 4; lastKnownFileType = sourcecode.c.h; path = "PetActivity+Database.h"; sourceTree = "<group>"; };
		DA0A352718E0DCDC0097FD24 /* PetActivity+Database.m */ = {isa = PBXFileReference; fileEncoding = 4; lastKnownFileType = sourcecode.c.objc; path = "PetActivity+Database.m"; sourceTree = "<group>"; };
		DA0A352D18E0E62D0097FD24 /* CoreDataTableViewController.h */ = {isa = PBXFileReference; fileEncoding = 4; lastKnownFileType = sourcecode.c.h; name = CoreDataTableViewController.h; path = PetTracker/CoreDataTableViewController.h; sourceTree = SOURCE_ROOT; };
		DA0A352E18E0E62D0097FD24 /* CoreDataTableViewController.m */ = {isa = PBXFileReference; fileEncoding = 4; lastKnownFileType = sourcecode.c.objc; name = CoreDataTableViewController.m; path = PetTracker/CoreDataTableViewController.m; sourceTree = SOURCE_ROOT; };
		DA8D168518CFFEAD008ACE5D /* PetTracker.app */ = {isa = PBXFileReference; explicitFileType = wrapper.application; includeInIndex = 0; path = PetTracker.app; sourceTree = BUILT_PRODUCTS_DIR; };
		DA8D168818CFFEAD008ACE5D /* Foundation.framework */ = {isa = PBXFileReference; lastKnownFileType = wrapper.framework; name = Foundation.framework; path = System/Library/Frameworks/Foundation.framework; sourceTree = SDKROOT; };
		DA8D168A18CFFEAD008ACE5D /* CoreGraphics.framework */ = {isa = PBXFileReference; lastKnownFileType = wrapper.framework; name = CoreGraphics.framework; path = System/Library/Frameworks/CoreGraphics.framework; sourceTree = SDKROOT; };
		DA8D168C18CFFEAD008ACE5D /* UIKit.framework */ = {isa = PBXFileReference; lastKnownFileType = wrapper.framework; name = UIKit.framework; path = System/Library/Frameworks/UIKit.framework; sourceTree = SDKROOT; };
		DA8D169018CFFEAD008ACE5D /* PetTracker-Info.plist */ = {isa = PBXFileReference; lastKnownFileType = text.plist.xml; path = "PetTracker-Info.plist"; sourceTree = "<group>"; };
		DA8D169218CFFEAD008ACE5D /* en */ = {isa = PBXFileReference; lastKnownFileType = text.plist.strings; name = en; path = en.lproj/InfoPlist.strings; sourceTree = "<group>"; };
		DA8D169418CFFEAD008ACE5D /* main.m */ = {isa = PBXFileReference; lastKnownFileType = sourcecode.c.objc; path = main.m; sourceTree = "<group>"; };
		DA8D169618CFFEAD008ACE5D /* PetTracker-Prefix.pch */ = {isa = PBXFileReference; lastKnownFileType = sourcecode.c.h; path = "PetTracker-Prefix.pch"; sourceTree = "<group>"; };
		DA8D169718CFFEAD008ACE5D /* PTAppDelegate.h */ = {isa = PBXFileReference; lastKnownFileType = sourcecode.c.h; path = PTAppDelegate.h; sourceTree = "<group>"; };
		DA8D169818CFFEAD008ACE5D /* PTAppDelegate.m */ = {isa = PBXFileReference; lastKnownFileType = sourcecode.c.objc; path = PTAppDelegate.m; sourceTree = "<group>"; };
		DA8D169B18CFFEAD008ACE5D /* Base */ = {isa = PBXFileReference; lastKnownFileType = file.storyboard; name = Base; path = Base.lproj/Main_iPhone.storyboard; sourceTree = "<group>"; };
		DA8D16A018CFFEAD008ACE5D /* PTActivityViewController.h */ = {isa = PBXFileReference; lastKnownFileType = sourcecode.c.h; path = PTActivityViewController.h; sourceTree = "<group>"; };
		DA8D16A118CFFEAD008ACE5D /* PTActivityViewController.m */ = {isa = PBXFileReference; lastKnownFileType = sourcecode.c.objc; path = PTActivityViewController.m; sourceTree = "<group>"; };
		DA8D16A618CFFEAD008ACE5D /* Images.xcassets */ = {isa = PBXFileReference; lastKnownFileType = folder.assetcatalog; path = Images.xcassets; sourceTree = "<group>"; };
		DA8D16AC18CFFEAD008ACE5D /* PetTrackerTests.xctest */ = {isa = PBXFileReference; explicitFileType = wrapper.cfbundle; includeInIndex = 0; path = PetTrackerTests.xctest; sourceTree = BUILT_PRODUCTS_DIR; };
		DA8D16AD18CFFEAD008ACE5D /* XCTest.framework */ = {isa = PBXFileReference; lastKnownFileType = wrapper.framework; name = XCTest.framework; path = Library/Frameworks/XCTest.framework; sourceTree = DEVELOPER_DIR; };
		DA8D16B518CFFEAD008ACE5D /* PetTrackerTests-Info.plist */ = {isa = PBXFileReference; lastKnownFileType = text.plist.xml; path = "PetTrackerTests-Info.plist"; sourceTree = "<group>"; };
		DA8D16B718CFFEAD008ACE5D /* en */ = {isa = PBXFileReference; lastKnownFileType = text.plist.strings; name = en; path = en.lproj/InfoPlist.strings; sourceTree = "<group>"; };
		DA8D16B918CFFEAD008ACE5D /* PetTrackerTests.m */ = {isa = PBXFileReference; lastKnownFileType = sourcecode.c.objc; path = PetTrackerTests.m; sourceTree = "<group>"; };
		DA8D16C718D0C4AB008ACE5D /* iphone_icon.png */ = {isa = PBXFileReference; lastKnownFileType = image.png; path = iphone_icon.png; sourceTree = "<group>"; };
		DAF7F22E18E1CB69009FFADF /* CoreData.framework */ = {isa = PBXFileReference; lastKnownFileType = wrapper.framework; name = CoreData.framework; path = System/Library/Frameworks/CoreData.framework; sourceTree = SDKROOT; };
/* End PBXFileReference section */

/* Begin PBXFrameworksBuildPhase section */
		DA8D168218CFFEAD008ACE5D /* Frameworks */ = {
			isa = PBXFrameworksBuildPhase;
			buildActionMask = 2147483647;
			files = (
				DAF7F22F18E1CB69009FFADF /* CoreData.framework in Frameworks */,
				DA8D168B18CFFEAD008ACE5D /* CoreGraphics.framework in Frameworks */,
				DA8D168D18CFFEAD008ACE5D /* UIKit.framework in Frameworks */,
				DA8D168918CFFEAD008ACE5D /* Foundation.framework in Frameworks */,
			);
			runOnlyForDeploymentPostprocessing = 0;
		};
		DA8D16A918CFFEAD008ACE5D /* Frameworks */ = {
			isa = PBXFrameworksBuildPhase;
			buildActionMask = 2147483647;
			files = (
				DA8D16AE18CFFEAD008ACE5D /* XCTest.framework in Frameworks */,
				DA8D16B018CFFEAD008ACE5D /* UIKit.framework in Frameworks */,
				DA8D16AF18CFFEAD008ACE5D /* Foundation.framework in Frameworks */,
			);
			runOnlyForDeploymentPostprocessing = 0;
		};
/* End PBXFrameworksBuildPhase section */

/* Begin PBXGroup section */
		DA0523EB18D14870001FEA41 /* Images */ = {
			isa = PBXGroup;
			children = (
				DA8D16C718D0C4AB008ACE5D /* iphone_icon.png */,
				DA0523E418D144A0001FEA41 /* fur-wallpaper-8-1024x682.png */,
				DA0523E918D147E2001FEA41 /* view-large-brown-cat-fur-texture-free-high-resolution-dimensions_2162721.png */,
			);
			name = Images;
			sourceTree = "<group>";
		};
		DA8D167C18CFFEAD008ACE5D = {
			isa = PBXGroup;
			children = (
				DA8D168E18CFFEAD008ACE5D /* PetTracker */,
				DA8D16B318CFFEAD008ACE5D /* PetTrackerTests */,
				DA8D168718CFFEAD008ACE5D /* Frameworks */,
				DA8D168618CFFEAD008ACE5D /* Products */,
			);
			sourceTree = "<group>";
		};
		DA8D168618CFFEAD008ACE5D /* Products */ = {
			isa = PBXGroup;
			children = (
				DA8D168518CFFEAD008ACE5D /* PetTracker.app */,
				DA8D16AC18CFFEAD008ACE5D /* PetTrackerTests.xctest */,
			);
			name = Products;
			sourceTree = "<group>";
		};
		DA8D168718CFFEAD008ACE5D /* Frameworks */ = {
			isa = PBXGroup;
			children = (
				DA8D168818CFFEAD008ACE5D /* Foundation.framework */,
				DA8D168A18CFFEAD008ACE5D /* CoreGraphics.framework */,
				DA8D168C18CFFEAD008ACE5D /* UIKit.framework */,
				DAF7F22E18E1CB69009FFADF /* CoreData.framework */,
				DA8D16AD18CFFEAD008ACE5D /* XCTest.framework */,
			);
			name = Frameworks;
			sourceTree = "<group>";
		};
		DA8D168E18CFFEAD008ACE5D /* PetTracker */ = {
			isa = PBXGroup;
			children = (
				DA8D169A18CFFEAD008ACE5D /* Main_iPhone.storyboard */,
				DA8D169718CFFEAD008ACE5D /* PTAppDelegate.h */,
				DA8D169818CFFEAD008ACE5D /* PTAppDelegate.m */,
				DA0523E618D1471C001FEA41 /* PTViewControllerHelper.h */,
				DA0523E718D1471C001FEA41 /* PTViewControllerHelper.m */,
				DA8D16A018CFFEAD008ACE5D /* PTActivityViewController.h */,
				DA8D16A118CFFEAD008ACE5D /* PTActivityViewController.m */,
				DA0523EC18D3B641001FEA41 /* PTHistoryCDTVC.h */,
				DA0523ED18D3B641001FEA41 /* PTHistoryCDTVC.m */,
				DA0A352D18E0E62D0097FD24 /* CoreDataTableViewController.h */,
				DA0A352E18E0E62D0097FD24 /* CoreDataTableViewController.m */,
				DA8D16A618CFFEAD008ACE5D /* Images.xcassets */,
				DA0523EB18D14870001FEA41 /* Images */,
				DA8D16C318D00A1D008ACE5D /* Model */,
				DA8D168F18CFFEAD008ACE5D /* Supporting Files */,
			);
			path = PetTracker;
			sourceTree = "<group>";
		};
		DA8D168F18CFFEAD008ACE5D /* Supporting Files */ = {
			isa = PBXGroup;
			children = (
				DA8D169018CFFEAD008ACE5D /* PetTracker-Info.plist */,
				DA8D169118CFFEAD008ACE5D /* InfoPlist.strings */,
				DA8D169418CFFEAD008ACE5D /* main.m */,
				DA8D169618CFFEAD008ACE5D /* PetTracker-Prefix.pch */,
			);
			name = "Supporting Files";
			sourceTree = "<group>";
		};
		DA8D16B318CFFEAD008ACE5D /* PetTrackerTests */ = {
			isa = PBXGroup;
			children = (
				DA8D16B918CFFEAD008ACE5D /* PetTrackerTests.m */,
				DA8D16B418CFFEAD008ACE5D /* Supporting Files */,
			);
			path = PetTrackerTests;
			sourceTree = "<group>";
		};
		DA8D16B418CFFEAD008ACE5D /* Supporting Files */ = {
			isa = PBXGroup;
			children = (
				DA8D16B518CFFEAD008ACE5D /* PetTrackerTests-Info.plist */,
				DA8D16B618CFFEAD008ACE5D /* InfoPlist.strings */,
			);
			name = "Supporting Files";
			sourceTree = "<group>";
		};
		DA8D16C318D00A1D008ACE5D /* Model */ = {
			isa = PBXGroup;
			children = (
				DA0A352618E0DCDC0097FD24 /* PetActivity+Database.h */,
				DA0A352718E0DCDC0097FD24 /* PetActivity+Database.m */,
				DA0A352018D899420097FD24 /* PetTracker.xcdatamodeld */,
				DA0A352318E0D24E0097FD24 /* PetActivity.h */,
				DA0A352418E0D24E0097FD24 /* PetActivity.m */,
			);
			name = Model;
			sourceTree = "<group>";
		};
/* End PBXGroup section */

/* Begin PBXNativeTarget section */
		DA8D168418CFFEAD008ACE5D /* PetTracker */ = {
			isa = PBXNativeTarget;
			buildConfigurationList = DA8D16BD18CFFEAD008ACE5D /* Build configuration list for PBXNativeTarget "PetTracker" */;
			buildPhases = (
				DA8D168118CFFEAD008ACE5D /* Sources */,
				DA8D168218CFFEAD008ACE5D /* Frameworks */,
				DA8D168318CFFEAD008ACE5D /* Resources */,
			);
			buildRules = (
			);
			dependencies = (
			);
			name = PetTracker;
			productName = PetTracker;
			productReference = DA8D168518CFFEAD008ACE5D /* PetTracker.app */;
			productType = "com.apple.product-type.application";
		};
		DA8D16AB18CFFEAD008ACE5D /* PetTrackerTests */ = {
			isa = PBXNativeTarget;
			buildConfigurationList = DA8D16C018CFFEAD008ACE5D /* Build configuration list for PBXNativeTarget "PetTrackerTests" */;
			buildPhases = (
				DA8D16A818CFFEAD008ACE5D /* Sources */,
				DA8D16A918CFFEAD008ACE5D /* Frameworks */,
				DA8D16AA18CFFEAD008ACE5D /* Resources */,
			);
			buildRules = (
			);
			dependencies = (
				DA8D16B218CFFEAD008ACE5D /* PBXTargetDependency */,
			);
			name = PetTrackerTests;
			productName = PetTrackerTests;
			productReference = DA8D16AC18CFFEAD008ACE5D /* PetTrackerTests.xctest */;
			productType = "com.apple.product-type.bundle.unit-test";
		};
/* End PBXNativeTarget section */

/* Begin PBXProject section */
		DA8D167D18CFFEAD008ACE5D /* Project object */ = {
			isa = PBXProject;
			attributes = {
				CLASSPREFIX = PT;
				LastUpgradeCheck = 0510;
				ORGANIZATIONNAME = Hannemann;
				TargetAttributes = {
					DA8D16AB18CFFEAD008ACE5D = {
						TestTargetID = DA8D168418CFFEAD008ACE5D;
					};
				};
			};
			buildConfigurationList = DA8D168018CFFEAD008ACE5D /* Build configuration list for PBXProject "PetTracker" */;
			compatibilityVersion = "Xcode 3.2";
			developmentRegion = English;
			hasScannedForEncodings = 0;
			knownRegions = (
				en,
				Base,
			);
			mainGroup = DA8D167C18CFFEAD008ACE5D;
			productRefGroup = DA8D168618CFFEAD008ACE5D /* Products */;
			projectDirPath = "";
			projectRoot = "";
			targets = (
				DA8D168418CFFEAD008ACE5D /* PetTracker */,
				DA8D16AB18CFFEAD008ACE5D /* PetTrackerTests */,
			);
		};
/* End PBXProject section */

/* Begin PBXResourcesBuildPhase section */
		DA8D168318CFFEAD008ACE5D /* Resources */ = {
			isa = PBXResourcesBuildPhase;
			buildActionMask = 2147483647;
			files = (
				DA0523E518D144A0001FEA41 /* fur-wallpaper-8-1024x682.png in Resources */,
				DA0523EA18D147E2001FEA41 /* view-large-brown-cat-fur-texture-free-high-resolution-dimensions_2162721.png in Resources */,
				DA8D16A718CFFEAD008ACE5D /* Images.xcassets in Resources */,
				DA8D16C818D0C4AB008ACE5D /* iphone_icon.png in Resources */,
				DA8D169C18CFFEAD008ACE5D /* Main_iPhone.storyboard in Resources */,
				DA8D169318CFFEAD008ACE5D /* InfoPlist.strings in Resources */,
			);
			runOnlyForDeploymentPostprocessing = 0;
		};
		DA8D16AA18CFFEAD008ACE5D /* Resources */ = {
			isa = PBXResourcesBuildPhase;
			buildActionMask = 2147483647;
			files = (
				DA8D16B818CFFEAD008ACE5D /* InfoPlist.strings in Resources */,
			);
			runOnlyForDeploymentPostprocessing = 0;
		};
/* End PBXResourcesBuildPhase section */

/* Begin PBXSourcesBuildPhase section */
		DA8D168118CFFEAD008ACE5D /* Sources */ = {
			isa = PBXSourcesBuildPhase;
			buildActionMask = 2147483647;
			files = (
				DA0A352218D899420097FD24 /* PetTracker.xcdatamodeld in Sources */,
				DA0523E818D1471C001FEA41 /* PTViewControllerHelper.m in Sources */,
				DA0A352818E0DCDC0097FD24 /* PetActivity+Database.m in Sources */,
				DA8D169918CFFEAD008ACE5D /* PTAppDelegate.m in Sources */,
				DA0A352F18E0E62D0097FD24 /* CoreDataTableViewController.m in Sources */,
				DA8D16A218CFFEAD008ACE5D /* PTActivityViewController.m in Sources */,
				DA8D169518CFFEAD008ACE5D /* main.m in Sources */,
				DA0A352518E0D24E0097FD24 /* PetActivity.m in Sources */,
				DA0523EE18D3B641001FEA41 /* PTHistoryCDTVC.m in Sources */,
			);
			runOnlyForDeploymentPostprocessing = 0;
		};
		DA8D16A818CFFEAD008ACE5D /* Sources */ = {
			isa = PBXSourcesBuildPhase;
			buildActionMask = 2147483647;
			files = (
				DA8D16BA18CFFEAD008ACE5D /* PetTrackerTests.m in Sources */,
			);
			runOnlyForDeploymentPostprocessing = 0;
		};
/* End PBXSourcesBuildPhase section */

/* Begin PBXTargetDependency section */
		DA8D16B218CFFEAD008ACE5D /* PBXTargetDependency */ = {
			isa = PBXTargetDependency;
			target = DA8D168418CFFEAD008ACE5D /* PetTracker */;
			targetProxy = DA8D16B118CFFEAD008ACE5D /* PBXContainerItemProxy */;
		};
/* End PBXTargetDependency section */

/* Begin PBXVariantGroup section */
		DA8D169118CFFEAD008ACE5D /* InfoPlist.strings */ = {
			isa = PBXVariantGroup;
			children = (
				DA8D169218CFFEAD008ACE5D /* en */,
			);
			name = InfoPlist.strings;
			sourceTree = "<group>";
		};
		DA8D169A18CFFEAD008ACE5D /* Main_iPhone.storyboard */ = {
			isa = PBXVariantGroup;
			children = (
				DA8D169B18CFFEAD008ACE5D /* Base */,
			);
			name = Main_iPhone.storyboard;
			sourceTree = "<group>";
		};
		DA8D16B618CFFEAD008ACE5D /* InfoPlist.strings */ = {
			isa = PBXVariantGroup;
			children = (
				DA8D16B718CFFEAD008ACE5D /* en */,
			);
			name = InfoPlist.strings;
			sourceTree = "<group>";
		};
/* End PBXVariantGroup section */

/* Begin XCBuildConfiguration section */
		DA8D16BB18CFFEAD008ACE5D /* Debug */ = {
			isa = XCBuildConfiguration;
			buildSettings = {
				ALWAYS_SEARCH_USER_PATHS = NO;
				CLANG_CXX_LANGUAGE_STANDARD = "gnu++0x";
				CLANG_CXX_LIBRARY = "libc++";
				CLANG_ENABLE_MODULES = YES;
				CLANG_ENABLE_OBJC_ARC = YES;
				CLANG_WARN_BOOL_CONVERSION = YES;
				CLANG_WARN_CONSTANT_CONVERSION = YES;
				CLANG_WARN_DIRECT_OBJC_ISA_USAGE = YES_ERROR;
				CLANG_WARN_EMPTY_BODY = YES;
				CLANG_WARN_ENUM_CONVERSION = YES;
				CLANG_WARN_INT_CONVERSION = YES;
				CLANG_WARN_OBJC_ROOT_CLASS = YES_ERROR;
				CLANG_WARN__DUPLICATE_METHOD_MATCH = YES;
				"CODE_SIGN_IDENTITY[sdk=iphoneos*]" = "iPhone Developer";
				COPY_PHASE_STRIP = NO;
				GCC_C_LANGUAGE_STANDARD = gnu99;
				GCC_DYNAMIC_NO_PIC = NO;
				GCC_OPTIMIZATION_LEVEL = 0;
				GCC_PREPROCESSOR_DEFINITIONS = (
					"DEBUG=1",
					"$(inherited)",
				);
				GCC_SYMBOLS_PRIVATE_EXTERN = NO;
				GCC_WARN_64_TO_32_BIT_CONVERSION = YES;
				GCC_WARN_ABOUT_RETURN_TYPE = YES_ERROR;
				GCC_WARN_UNDECLARED_SELECTOR = YES;
				GCC_WARN_UNINITIALIZED_AUTOS = YES;
				GCC_WARN_UNUSED_FUNCTION = YES;
				GCC_WARN_UNUSED_VARIABLE = YES;
				IPHONEOS_DEPLOYMENT_TARGET = 7.0;
				ONLY_ACTIVE_ARCH = YES;
				SDKROOT = iphoneos;
				TARGETED_DEVICE_FAMILY = "1,2";
			};
			name = Debug;
		};
		DA8D16BC18CFFEAD008ACE5D /* Release */ = {
			isa = XCBuildConfiguration;
			buildSettings = {
				ALWAYS_SEARCH_USER_PATHS = NO;
				CLANG_CXX_LANGUAGE_STANDARD = "gnu++0x";
				CLANG_CXX_LIBRARY = "libc++";
				CLANG_ENABLE_MODULES = YES;
				CLANG_ENABLE_OBJC_ARC = YES;
				CLANG_WARN_BOOL_CONVERSION = YES;
				CLANG_WARN_CONSTANT_CONVERSION = YES;
				CLANG_WARN_DIRECT_OBJC_ISA_USAGE = YES_ERROR;
				CLANG_WARN_EMPTY_BODY = YES;
				CLANG_WARN_ENUM_CONVERSION = YES;
				CLANG_WARN_INT_CONVERSION = YES;
				CLANG_WARN_OBJC_ROOT_CLASS = YES_ERROR;
				CLANG_WARN__DUPLICATE_METHOD_MATCH = YES;
				"CODE_SIGN_IDENTITY[sdk=iphoneos*]" = "iPhone Developer";
				COPY_PHASE_STRIP = YES;
				ENABLE_NS_ASSERTIONS = NO;
				GCC_C_LANGUAGE_STANDARD = gnu99;
				GCC_WARN_64_TO_32_BIT_CONVERSION = YES;
				GCC_WARN_ABOUT_RETURN_TYPE = YES_ERROR;
				GCC_WARN_UNDECLARED_SELECTOR = YES;
				GCC_WARN_UNINITIALIZED_AUTOS = YES;
				GCC_WARN_UNUSED_FUNCTION = YES;
				GCC_WARN_UNUSED_VARIABLE = YES;
				IPHONEOS_DEPLOYMENT_TARGET = 7.0;
				SDKROOT = iphoneos;
				TARGETED_DEVICE_FAMILY = "1,2";
				VALIDATE_PRODUCT = YES;
			};
			name = Release;
		};
		DA8D16BE18CFFEAD008ACE5D /* Debug */ = {
			isa = XCBuildConfiguration;
			buildSettings = {
				ASSETCATALOG_COMPILER_APPICON_NAME = AppIcon;
				ASSETCATALOG_COMPILER_LAUNCHIMAGE_NAME = LaunchImage;
				GCC_PRECOMPILE_PREFIX_HEADER = YES;
				GCC_PREFIX_HEADER = "PetTracker/PetTracker-Prefix.pch";
				INFOPLIST_FILE = "PetTracker/PetTracker-Info.plist";
				PRODUCT_NAME = "$(TARGET_NAME)";
				TARGETED_DEVICE_FAMILY = 1;
				WRAPPER_EXTENSION = app;
			};
			name = Debug;
		};
		DA8D16BF18CFFEAD008ACE5D /* Release */ = {
			isa = XCBuildConfiguration;
			buildSettings = {
				ASSETCATALOG_COMPILER_APPICON_NAME = AppIcon;
				ASSETCATALOG_COMPILER_LAUNCHIMAGE_NAME = LaunchImage;
				GCC_PRECOMPILE_PREFIX_HEADER = YES;
				GCC_PREFIX_HEADER = "PetTracker/PetTracker-Prefix.pch";
				INFOPLIST_FILE = "PetTracker/PetTracker-Info.plist";
				PRODUCT_NAME = "$(TARGET_NAME)";
				TARGETED_DEVICE_FAMILY = 1;
				WRAPPER_EXTENSION = app;
			};
			name = Release;
		};
		DA8D16C118CFFEAD008ACE5D /* Debug */ = {
			isa = XCBuildConfiguration;
			buildSettings = {
				BUNDLE_LOADER = "$(BUILT_PRODUCTS_DIR)/PetTracker.app/PetTracker";
				FRAMEWORK_SEARCH_PATHS = (
					"$(SDKROOT)/Developer/Library/Frameworks",
					"$(inherited)",
					"$(DEVELOPER_FRAMEWORKS_DIR)",
				);
				GCC_PRECOMPILE_PREFIX_HEADER = YES;
				GCC_PREFIX_HEADER = "PetTracker/PetTracker-Prefix.pch";
				GCC_PREPROCESSOR_DEFINITIONS = (
					"DEBUG=1",
					"$(inherited)",
				);
				INFOPLIST_FILE = "PetTrackerTests/PetTrackerTests-Info.plist";
				PRODUCT_NAME = "$(TARGET_NAME)";
				TEST_HOST = "$(BUNDLE_LOADER)";
				WRAPPER_EXTENSION = xctest;
			};
			name = Debug;
		};
		DA8D16C218CFFEAD008ACE5D /* Release */ = {
			isa = XCBuildConfiguration;
			buildSettings = {
				BUNDLE_LOADER = "$(BUILT_PRODUCTS_DIR)/PetTracker.app/PetTracker";
				FRAMEWORK_SEARCH_PATHS = (
					"$(SDKROOT)/Developer/Library/Frameworks",
					"$(inherited)",
					"$(DEVELOPER_FRAMEWORKS_DIR)",
				);
				GCC_PRECOMPILE_PREFIX_HEADER = YES;
				GCC_PREFIX_HEADER = "PetTracker/PetTracker-Prefix.pch";
				INFOPLIST_FILE = "PetTrackerTests/PetTrackerTests-Info.plist";
				PRODUCT_NAME = "$(TARGET_NAME)";
				TEST_HOST = "$(BUNDLE_LOADER)";
				WRAPPER_EXTENSION = xctest;
			};
			name = Release;
		};
/* End XCBuildConfiguration section */

/* Begin XCConfigurationList section */
		DA8D168018CFFEAD008ACE5D /* Build configuration list for PBXProject "PetTracker" */ = {
			isa = XCConfigurationList;
			buildConfigurations = (
				DA8D16BB18CFFEAD008ACE5D /* Debug */,
				DA8D16BC18CFFEAD008ACE5D /* Release */,
			);
			defaultConfigurationIsVisible = 0;
			defaultConfigurationName = Release;
		};
		DA8D16BD18CFFEAD008ACE5D /* Build configuration list for PBXNativeTarget "PetTracker" */ = {
			isa = XCConfigurationList;
			buildConfigurations = (
				DA8D16BE18CFFEAD008ACE5D /* Debug */,
				DA8D16BF18CFFEAD008ACE5D /* Release */,
			);
			defaultConfigurationIsVisible = 0;
			defaultConfigurationName = Release;
		};
		DA8D16C018CFFEAD008ACE5D /* Build configuration list for PBXNativeTarget "PetTrackerTests" */ = {
			isa = XCConfigurationList;
			buildConfigurations = (
				DA8D16C118CFFEAD008ACE5D /* Debug */,
				DA8D16C218CFFEAD008ACE5D /* Release */,
			);
			defaultConfigurationIsVisible = 0;
			defaultConfigurationName = Release;
		};
/* End XCConfigurationList section */

/* Begin XCVersionGroup section */
		DA0A352018D899420097FD24 /* PetTracker.xcdatamodeld */ = {
			isa = XCVersionGroup;
			children = (
				DA0A352118D899420097FD24 /* PetTracker.xcdatamodel */,
			);
			currentVersion = DA0A352118D899420097FD24 /* PetTracker.xcdatamodel */;
			path = PetTracker.xcdatamodeld;
			sourceTree = "<group>";
			versionGroupType = wrapper.xcdatamodel;
		};
/* End XCVersionGroup section */
	};
	rootObject = DA8D167D18CFFEAD008ACE5D /* Project object */;
}
